
Microsoft Visual Studio Solution File, Format Version 12.00
# Visual Studio Version 16
VisualStudioVersion = 16.0.30804.86
MinimumVisualStudioVersion = 10.0.40219.1
Project("{FAE04EC0-301F-11D3-BF4B-00C04F79EFBC}") = "RefreshAuthService", "RefreshAuthService\RefreshAuthService.csproj", "{BDE05EA8-50E4-46D5-A41D-FE299174D917}"
EndProject
Global
	GlobalSection(SolutionConfigurationPlatforms) = preSolution
		Debug|Any CPU = Debug|Any CPU
		Release|Any CPU = Release|Any CPU
	EndGlobalSection
	GlobalSection(ProjectConfigurationPlatforms) = postSolution
		{BDE05EA8-50E4-46D5-A41D-FE299174D917}.Debug|Any CPU.ActiveCfg = Debug|Any CPU
		{BDE05EA8-50E4-46D5-A41D-FE299174D917}.Debug|Any CPU.Build.0 = Debug|Any CPU
		{BDE05EA8-50E4-46D5-A41D-FE299174D917}.Release|Any CPU.ActiveCfg = Release|Any CPU
		{BDE05EA8-50E4-46D5-A41D-FE299174D917}.Release|Any CPU.Build.0 = Release|Any CPU
	EndGlobalSection
	GlobalSection(SolutionProperties) = preSolution
		HideSolutionNode = FALSE
	EndGlobalSection
	GlobalSection(ExtensibilityGlobals) = postSolution
		SolutionGuid = {06BBD5F7-7EBA-4DDA-B17C-83CFD5ADDE2D}
	EndGlobalSection
EndGlobal
